
Microsoft Visual Studio Solution File, Format Version 12.00
# Visual Studio Version 17
VisualStudioVersion = 17.9.34728.123
MinimumVisualStudioVersion = 10.0.40219.1
Project("{FAE04EC0-301F-11D3-BF4B-00C04F79EFBC}") = "UnitTestProjectDataBase", "UnitTestProjectDataBase.csproj", "{ADE3DEA6-763F-4661-B503-DE519E4387C9}"
EndProject
Global
	GlobalSection(SolutionConfigurationPlatforms) = preSolution
		Debug|Any CPU = Debug|Any CPU
		Release|Any CPU = Release|Any CPU
	EndGlobalSection
	GlobalSection(ProjectConfigurationPlatforms) = postSolution
		{ADE3DEA6-763F-4661-B503-DE519E4387C9}.Debug|Any CPU.ActiveCfg = Debug|Any CPU
		{ADE3DEA6-763F-4661-B503-DE519E4387C9}.Debug|Any CPU.Build.0 = Debug|Any CPU
		{ADE3DEA6-763F-4661-B503-DE519E4387C9}.Release|Any CPU.ActiveCfg = Release|Any CPU
		{ADE3DEA6-763F-4661-B503-DE519E4387C9}.Release|Any CPU.Build.0 = Release|Any CPU
	EndGlobalSection
	GlobalSection(SolutionProperties) = preSolution
		HideSolutionNode = FALSE
	EndGlobalSection
	GlobalSection(ExtensibilityGlobals) = postSolution
		SolutionGuid = {309A4E51-82FE-4FC2-B436-237E6035E85F}
	EndGlobalSection
EndGlobal
